
Microsoft Visual Studio Solution File, Format Version 12.00
# Visual Studio Version 17
VisualStudioVersion = 17.2.32616.157
MinimumVisualStudioVersion = 10.0.40219.1
Project("{FAE04EC0-301F-11D3-BF4B-00C04F79EFBC}") = "Day-24-Uc1-UserDetailsLamda", "Day-24-Uc1-UserDetailsLamda\Day-24-Uc1-UserDetailsLamda.csproj", "{5D2EAED8-5841-406B-BF39-B81D5BBFF56E}"
EndProject
Global
	GlobalSection(SolutionConfigurationPlatforms) = preSolution
		Debug|Any CPU = Debug|Any CPU
		Release|Any CPU = Release|Any CPU
	EndGlobalSection
	GlobalSection(ProjectConfigurationPlatforms) = postSolution
		{5D2EAED8-5841-406B-BF39-B81D5BBFF56E}.Debug|Any CPU.ActiveCfg = Debug|Any CPU
		{5D2EAED8-5841-406B-BF39-B81D5BBFF56E}.Debug|Any CPU.Build.0 = Debug|Any CPU
		{5D2EAED8-5841-406B-BF39-B81D5BBFF56E}.Release|Any CPU.ActiveCfg = Release|Any CPU
		{5D2EAED8-5841-406B-BF39-B81D5BBFF56E}.Release|Any CPU.Build.0 = Release|Any CPU
	EndGlobalSection
	GlobalSection(SolutionProperties) = preSolution
		HideSolutionNode = FALSE
	EndGlobalSection
	GlobalSection(ExtensibilityGlobals) = postSolution
		SolutionGuid = {25CA1F58-F0A6-46CF-A8E1-1AEDB9DC91E6}
	EndGlobalSection
EndGlobal
